
Microsoft Visual Studio Solution File, Format Version 12.00
# Visual Studio Version 16
VisualStudioVersion = 16.0.31205.134
MinimumVisualStudioVersion = 10.0.40219.1
Project("{8BC9CEB8-8B4A-11D0-8D11-00A0C91BC942}") = "avisynth_filter", "avisynth_filter\avisynth_filter.vcxproj", "{C84DE615-CF6F-441C-99B8-E30F5046CF9F}"
EndProject
Project("{8BC9CEB8-8B4A-11D0-8D11-00A0C91BC942}") = "baseclasses", "baseclasses\baseclasses.vcxproj", "{6D6FABA3-51A7-4162-B5A8-ADA838387D60}"
EndProject
Project("{8BC9CEB8-8B4A-11D0-8D11-00A0C91BC942}") = "filter_common", "filter_common\filter_common.vcxitems", "{30836DDB-EFAB-421E-98EF-EA3BED0D83C1}"
EndProject
Project("{8BC9CEB8-8B4A-11D0-8D11-00A0C91BC942}") = "vapoursynth_filter", "vapoursynth_filter\vapoursynth_filter.vcxproj", "{A736C512-27B1-4D1C-B8E4-50EF31FE13AF}"
EndProject
Global
    GlobalSection(SharedMSBuildProjectFiles) = preSolution
        filter_common\filter_common.vcxitems*{c84de615-cf6f-441c-99b8-e30f5046cf9f}*SharedItemsImports = 4
        filter_common\filter_common.vcxitems*{a736c512-27b1-4d1c-b8e4-50ef31fe13af}*SharedItemsImports = 4
        filter_common\filter_common.vcxitems*{30836ddb-efab-421e-98ef-ea3bed0d83c1}*SharedItemsImports = 9
    EndGlobalSection
    GlobalSection(SolutionConfigurationPlatforms) = preSolution
        Debug|x64 = Debug|x64
        Debug|x86 = Debug|x86
        Release|x64 = Release|x64
        Release|x86 = Release|x86
    EndGlobalSection
    GlobalSection(ProjectConfigurationPlatforms) = postSolution
        {C84DE615-CF6F-441C-99B8-E30F5046CF9F}.Debug|x64.ActiveCfg = Debug|x64
        {C84DE615-CF6F-441C-99B8-E30F5046CF9F}.Debug|x64.Build.0 = Debug|x64
        {C84DE615-CF6F-441C-99B8-E30F5046CF9F}.Debug|x86.ActiveCfg = Debug|Win32
        {C84DE615-CF6F-441C-99B8-E30F5046CF9F}.Debug|x86.Build.0 = Debug|Win32
        {C84DE615-CF6F-441C-99B8-E30F5046CF9F}.Release|x64.ActiveCfg = Release|x64
        {C84DE615-CF6F-441C-99B8-E30F5046CF9F}.Release|x64.Build.0 = Release|x64
        {C84DE615-CF6F-441C-99B8-E30F5046CF9F}.Release|x86.ActiveCfg = Release|Win32
        {C84DE615-CF6F-441C-99B8-E30F5046CF9F}.Release|x86.Build.0 = Release|Win32
        {6D6FABA3-51A7-4162-B5A8-ADA838387D60}.Debug|x64.ActiveCfg = Debug|x64
        {6D6FABA3-51A7-4162-B5A8-ADA838387D60}.Debug|x64.Build.0 = Debug|x64
        {6D6FABA3-51A7-4162-B5A8-ADA838387D60}.Debug|x86.ActiveCfg = Debug|Win32
        {6D6FABA3-51A7-4162-B5A8-ADA838387D60}.Debug|x86.Build.0 = Debug|Win32
        {6D6FABA3-51A7-4162-B5A8-ADA838387D60}.Release|x64.ActiveCfg = Release|x64
        {6D6FABA3-51A7-4162-B5A8-ADA838387D60}.Release|x64.Build.0 = Release|x64
        {6D6FABA3-51A7-4162-B5A8-ADA838387D60}.Release|x86.ActiveCfg = Release|Win32
        {6D6FABA3-51A7-4162-B5A8-ADA838387D60}.Release|x86.Build.0 = Release|Win32
        {A736C512-27B1-4D1C-B8E4-50EF31FE13AF}.Debug|x64.ActiveCfg = Debug|x64
        {A736C512-27B1-4D1C-B8E4-50EF31FE13AF}.Debug|x64.Build.0 = Debug|x64
        {A736C512-27B1-4D1C-B8E4-50EF31FE13AF}.Release|x64.ActiveCfg = Release|x64
        {A736C512-27B1-4D1C-B8E4-50EF31FE13AF}.Release|x64.Build.0 = Release|x64
    EndGlobalSection
    GlobalSection(SolutionProperties) = preSolution
        HideSolutionNode = FALSE
    EndGlobalSection
    GlobalSection(ExtensibilityGlobals) = postSolution
        SolutionGuid = {DB631A51-C455-4404-AD0C-4B2898CAD993}
    EndGlobalSection
EndGlobal
