<?xml version="1.0" encoding="utf-8"?>
<Project ToolsVersion="4.0" xmlns="http://schemas.microsoft.com/developer/msbuild/2003">
  <ItemGroup>
    <Filter Include="Source Files">
      <UniqueIdentifier>{4FC737F1-C7A5-4376-A066-2A32D752A2FF}</UniqueIdentifier>
      <Extensions>cpp;c;cc;cxx;def;odl;idl;hpj;bat;asm;asmx</Extensions>
    </Filter>
    <Filter Include="Header Files">
      <UniqueIdentifier>{93995380-89BD-4b04-88EB-625FBE52EBFB}</UniqueIdentifier>
      <Extensions>h;hpp;hxx;hm;inl;inc;xsd</Extensions>
    </Filter>
  </ItemGroup>
  <ItemGroup>
    <ClInclude Include="src\amextra.h">
      <Filter>Header Files</Filter>
    </ClInclude>
    <ClInclude Include="src\amfilter.h">
      <Filter>Header Files</Filter>
    </ClInclude>
    <ClInclude Include="src\cache.h">
      <Filter>Header Files</Filter>
    </ClInclude>
    <ClInclude Include="src\checkbmi.h">
      <Filter>Header Files</Filter>
    </ClInclude>
    <ClInclude Include="src\combase.h">
      <Filter>Header Files</Filter>
    </ClInclude>
    <ClInclude Include="src\cprop.h">
      <Filter>Header Files</Filter>
    </ClInclude>
    <ClInclude Include="src\ctlutil.h">
      <Filter>Header Files</Filter>
    </ClInclude>
    <ClInclude Include="src\ddmm.h">
      <Filter>Header Files</Filter>
    </ClInclude>
    <ClInclude Include="src\dllsetup.h">
      <Filter>Header Files</Filter>
    </ClInclude>
    <ClInclude Include="src\dxmperf.h">
      <Filter>Header Files</Filter>
    </ClInclude>
    <ClInclude Include="src\fourcc.h">
      <Filter>Header Files</Filter>
    </ClInclude>
    <ClInclude Include="src\measure.h">
      <Filter>Header Files</Filter>
    </ClInclude>
    <ClInclude Include="src\msgthrd.h">
      <Filter>Header Files</Filter>
    </ClInclude>
    <ClInclude Include="src\mtype.h">
      <Filter>Header Files</Filter>
    </ClInclude>
    <ClInclude Include="src\outputq.h">
      <Filter>Header Files</Filter>
    </ClInclude>
    <ClInclude Include="src\perflog.h">
      <Filter>Header Files</Filter>
    </ClInclude>
    <ClInclude Include="src\perfstruct.h">
      <Filter>Header Files</Filter>
    </ClInclude>
    <ClInclude Include="src\pstream.h">
      <Filter>Header Files</Filter>
    </ClInclude>
    <ClInclude Include="src\pullpin.h">
      <Filter>Header Files</Filter>
    </ClInclude>
    <ClInclude Include="src\refclock.h">
      <Filter>Header Files</Filter>
    </ClInclude>
    <ClInclude Include="src\reftime.h">
      <Filter>Header Files</Filter>
    </ClInclude>
    <ClInclude Include="src\renbase.h">
      <Filter>Header Files</Filter>
    </ClInclude>
    <ClInclude Include="src\schedule.h">
      <Filter>Header Files</Filter>
    </ClInclude>
    <ClInclude Include="src\seekpt.h">
      <Filter>Header Files</Filter>
    </ClInclude>
    <ClInclude Include="src\source.h">
      <Filter>Header Files</Filter>
    </ClInclude>
    <ClInclude Include="src\streams.h">
      <Filter>Header Files</Filter>
    </ClInclude>
    <ClInclude Include="src\strmctl.h">
      <Filter>Header Files</Filter>
    </ClInclude>
    <ClInclude Include="src\sysclock.h">
      <Filter>Header Files</Filter>
    </ClInclude>
    <ClInclude Include="src\transfrm.h">
      <Filter>Header Files</Filter>
    </ClInclude>
    <ClInclude Include="src\transip.h">
      <Filter>Header Files</Filter>
    </ClInclude>
    <ClInclude Include="src\videoctl.h">
      <Filter>Header Files</Filter>
    </ClInclude>
    <ClInclude Include="src\vtrans.h">
      <Filter>Header Files</Filter>
    </ClInclude>
    <ClInclude Include="src\winctrl.h">
      <Filter>Header Files</Filter>
    </ClInclude>
    <ClInclude Include="src\winutil.h">
      <Filter>Header Files</Filter>
    </ClInclude>
    <ClInclude Include="src\wxdebug.h">
      <Filter>Header Files</Filter>
    </ClInclude>
    <ClInclude Include="src\wxlist.h">
      <Filter>Header Files</Filter>
    </ClInclude>
    <ClInclude Include="src\wxutil.h">
      <Filter>Header Files</Filter>
    </ClInclude>
  </ItemGroup>
  <ItemGroup>
    <ClCompile Include="src\amextra.cpp">
      <Filter>Source Files</Filter>
    </ClCompile>
    <ClCompile Include="src\amfilter.cpp">
      <Filter>Source Files</Filter>
    </ClCompile>
    <ClCompile Include="src\amvideo.cpp">
      <Filter>Source Files</Filter>
    </ClCompile>
    <ClCompile Include="src\arithutil.cpp">
      <Filter>Source Files</Filter>
    </ClCompile>
    <ClCompile Include="src\combase.cpp">
      <Filter>Source Files</Filter>
    </ClCompile>
    <ClCompile Include="src\cprop.cpp">
      <Filter>Source Files</Filter>
    </ClCompile>
    <ClCompile Include="src\ctlutil.cpp">
      <Filter>Source Files</Filter>
    </ClCompile>
    <ClCompile Include="src\ddmm.cpp">
      <Filter>Source Files</Filter>
    </ClCompile>
    <ClCompile Include="src\dllentry.cpp">
      <Filter>Source Files</Filter>
    </ClCompile>
    <ClCompile Include="src\dllsetup.cpp">
      <Filter>Source Files</Filter>
    </ClCompile>
    <ClCompile Include="src\mtype.cpp">
      <Filter>Source Files</Filter>
    </ClCompile>
    <ClCompile Include="src\outputq.cpp">
      <Filter>Source Files</Filter>
    </ClCompile>
    <ClCompile Include="src\perflog.cpp">
      <Filter>Source Files</Filter>
    </ClCompile>
    <ClCompile Include="src\pstream.cpp">
      <Filter>Source Files</Filter>
    </ClCompile>
    <ClCompile Include="src\pullpin.cpp">
      <Filter>Source Files</Filter>
    </ClCompile>
    <ClCompile Include="src\refclock.cpp">
      <Filter>Source Files</Filter>
    </ClCompile>
    <ClCompile Include="src\renbase.cpp">
      <Filter>Source Files</Filter>
    </ClCompile>
    <ClCompile Include="src\schedule.cpp">
      <Filter>Source Files</Filter>
    </ClCompile>
    <ClCompile Include="src\seekpt.cpp">
      <Filter>Source Files</Filter>
    </ClCompile>
    <ClCompile Include="src\source.cpp">
      <Filter>Source Files</Filter>
    </ClCompile>
    <ClCompile Include="src\strmctl.cpp">
      <Filter>Source Files</Filter>
    </ClCompile>
    <ClCompile Include="src\sysclock.cpp">
      <Filter>Source Files</Filter>
    </ClCompile>
    <ClCompile Include="src\transfrm.cpp">
      <Filter>Source Files</Filter>
    </ClCompile>
    <ClCompile Include="src\transip.cpp">
      <Filter>Source Files</Filter>
    </ClCompile>
    <ClCompile Include="src\videoctl.cpp">
      <Filter>Source Files</Filter>
    </ClCompile>
    <ClCompile Include="src\vtrans.cpp">
      <Filter>Source Files</Filter>
    </ClCompile>
    <ClCompile Include="src\winctrl.cpp">
      <Filter>Source Files</Filter>
    </ClCompile>
    <ClCompile Include="src\winutil.cpp">
      <Filter>Source Files</Filter>
    </ClCompile>
    <ClCompile Include="src\wxdebug.cpp">
      <Filter>Source Files</Filter>
    </ClCompile>
    <ClCompile Include="src\wxlist.cpp">
      <Filter>Source Files</Filter>
    </ClCompile>
    <ClCompile Include="src\wxutil.cpp">
      <Filter>Source Files</Filter>
    </ClCompile>
  </ItemGroup>
</Project>