<?xml version="1.0" encoding="utf-8"?>
<Project ToolsVersion="4.0" xmlns="http://schemas.microsoft.com/developer/msbuild/2003">
  <ItemGroup>
    <Filter Include="Source Files">
      <UniqueIdentifier>{4FC737F1-C7A5-4376-A066-2A32D752A2FF}</UniqueIdentifier>
      <Extensions>cpp;c;cc;cxx;def;odl;idl;hpj;bat;asm;asmx</Extensions>
    </Filter>
    <Filter Include="Header Files">
      <UniqueIdentifier>{93995380-89BD-4b04-88EB-625FBE52EBFB}</UniqueIdentifier>
      <Extensions>h;hpp;hxx;hm;inl;inc;xsd</Extensions>
    </Filter>
    <Filter Include="Resource Files">
      <UniqueIdentifier>{67DA6AB6-F800-4c08-8B7A-83BB121AAD01}</UniqueIdentifier>
      <Extensions>rc;ico;cur;bmp;dlg;rc2;rct;bin;rgs;gif;jpg;jpeg;jpe;resx;tiff;tif;png;wav</Extensions>
    </Filter>
    <Filter Include="Source Files\BaseClasses">
      <UniqueIdentifier>{e71f2f98-bcfd-4c65-b76d-f9254e4b2169}</UniqueIdentifier>
    </Filter>
    <Filter Include="Header Files\BaseClasses">
      <UniqueIdentifier>{9df8ec25-00e6-46d8-a669-8d295460656e}</UniqueIdentifier>
    </Filter>
  </ItemGroup>
  <ItemGroup>
    <ClInclude Include="src\pch.h">
      <Filter>Header Files</Filter>
    </ClInclude>
    <ClInclude Include="src\registry.h">
      <Filter>Header Files</Filter>
    </ClInclude>
    <ClInclude Include="src\resource.h">
      <Filter>Header Files</Filter>
    </ClInclude>
    <ClInclude Include="src\filter.h">
      <Filter>Header Files</Filter>
    </ClInclude>
    <ClInclude Include="src\source_clip.h">
      <Filter>Header Files</Filter>
    </ClInclude>
    <ClInclude Include="src\constants.h">
      <Filter>Header Files</Filter>
    </ClInclude>
    <ClInclude Include="src\format.h">
      <Filter>Header Files</Filter>
    </ClInclude>
    <ClInclude Include="src\prop_settings.h">
      <Filter>Header Files</Filter>
    </ClInclude>
    <ClInclude Include="src\prop_status.h">
      <Filter>Header Files</Filter>
    </ClInclude>
    <ClInclude Include="src\media_sample.h">
      <Filter>Header Files</Filter>
    </ClInclude>
    <ClInclude Include="src\util.h">
      <Filter>Header Files</Filter>
    </ClInclude>
    <ClInclude Include="src\input_pin.h">
      <Filter>Header Files</Filter>
    </ClInclude>
    <ClInclude Include="src\allocator.h">
      <Filter>Header Files</Filter>
    </ClInclude>
    <ClInclude Include="src\remote_control.h">
      <Filter>Header Files</Filter>
    </ClInclude>
    <ClInclude Include="src\side_data.h">
      <Filter>Header Files</Filter>
    </ClInclude>
    <ClInclude Include="src\api.h">
      <Filter>Header Files</Filter>
    </ClInclude>
    <ClInclude Include="src\version.h">
      <Filter>Header Files</Filter>
    </ClInclude>
    <ClInclude Include="src\frame_handler.h">
      <Filter>Header Files</Filter>
    </ClInclude>
    <ClInclude Include="src\environment.h">
      <Filter>Header Files</Filter>
    </ClInclude>
    <ClInclude Include="src\avs_handler.h">
      <Filter>Header Files</Filter>
    </ClInclude>
    <ClInclude Include="src\rc_ptr.h">
      <Filter>Header Files</Filter>
    </ClInclude>
    <ClInclude Include="baseclasses\amextra.h">
      <Filter>Header Files\BaseClasses</Filter>
    </ClInclude>
    <ClInclude Include="baseclasses\amfilter.h">
      <Filter>Header Files\BaseClasses</Filter>
    </ClInclude>
    <ClInclude Include="baseclasses\cache.h">
      <Filter>Header Files\BaseClasses</Filter>
    </ClInclude>
    <ClInclude Include="baseclasses\checkbmi.h">
      <Filter>Header Files\BaseClasses</Filter>
    </ClInclude>
    <ClInclude Include="baseclasses\combase.h">
      <Filter>Header Files\BaseClasses</Filter>
    </ClInclude>
    <ClInclude Include="baseclasses\cprop.h">
      <Filter>Header Files\BaseClasses</Filter>
    </ClInclude>
    <ClInclude Include="baseclasses\ctlutil.h">
      <Filter>Header Files\BaseClasses</Filter>
    </ClInclude>
    <ClInclude Include="baseclasses\ddmm.h">
      <Filter>Header Files\BaseClasses</Filter>
    </ClInclude>
    <ClInclude Include="baseclasses\dllsetup.h">
      <Filter>Header Files\BaseClasses</Filter>
    </ClInclude>
    <ClInclude Include="baseclasses\dxmperf.h">
      <Filter>Header Files\BaseClasses</Filter>
    </ClInclude>
    <ClInclude Include="baseclasses\fourcc.h">
      <Filter>Header Files\BaseClasses</Filter>
    </ClInclude>
    <ClInclude Include="baseclasses\measure.h">
      <Filter>Header Files\BaseClasses</Filter>
    </ClInclude>
    <ClInclude Include="baseclasses\msgthrd.h">
      <Filter>Header Files\BaseClasses</Filter>
    </ClInclude>
    <ClInclude Include="baseclasses\mtype.h">
      <Filter>Header Files\BaseClasses</Filter>
    </ClInclude>
    <ClInclude Include="baseclasses\outputq.h">
      <Filter>Header Files\BaseClasses</Filter>
    </ClInclude>
    <ClInclude Include="baseclasses\perflog.h">
      <Filter>Header Files\BaseClasses</Filter>
    </ClInclude>
    <ClInclude Include="baseclasses\perfstruct.h">
      <Filter>Header Files\BaseClasses</Filter>
    </ClInclude>
    <ClInclude Include="baseclasses\pstream.h">
      <Filter>Header Files\BaseClasses</Filter>
    </ClInclude>
    <ClInclude Include="baseclasses\pullpin.h">
      <Filter>Header Files\BaseClasses</Filter>
    </ClInclude>
    <ClInclude Include="baseclasses\refclock.h">
      <Filter>Header Files\BaseClasses</Filter>
    </ClInclude>
    <ClInclude Include="baseclasses\reftime.h">
      <Filter>Header Files\BaseClasses</Filter>
    </ClInclude>
    <ClInclude Include="baseclasses\renbase.h">
      <Filter>Header Files\BaseClasses</Filter>
    </ClInclude>
    <ClInclude Include="baseclasses\schedule.h">
      <Filter>Header Files\BaseClasses</Filter>
    </ClInclude>
    <ClInclude Include="baseclasses\seekpt.h">
      <Filter>Header Files\BaseClasses</Filter>
    </ClInclude>
    <ClInclude Include="baseclasses\source.h">
      <Filter>Header Files\BaseClasses</Filter>
    </ClInclude>
    <ClInclude Include="baseclasses\streams.h">
      <Filter>Header Files\BaseClasses</Filter>
    </ClInclude>
    <ClInclude Include="baseclasses\strmctl.h">
      <Filter>Header Files\BaseClasses</Filter>
    </ClInclude>
    <ClInclude Include="baseclasses\sysclock.h">
      <Filter>Header Files\BaseClasses</Filter>
    </ClInclude>
    <ClInclude Include="baseclasses\transfrm.h">
      <Filter>Header Files\BaseClasses</Filter>
    </ClInclude>
    <ClInclude Include="baseclasses\transip.h">
      <Filter>Header Files\BaseClasses</Filter>
    </ClInclude>
    <ClInclude Include="baseclasses\videoctl.h">
      <Filter>Header Files\BaseClasses</Filter>
    </ClInclude>
    <ClInclude Include="baseclasses\vtrans.h">
      <Filter>Header Files\BaseClasses</Filter>
    </ClInclude>
    <ClInclude Include="baseclasses\winctrl.h">
      <Filter>Header Files\BaseClasses</Filter>
    </ClInclude>
    <ClInclude Include="baseclasses\winutil.h">
      <Filter>Header Files\BaseClasses</Filter>
    </ClInclude>
    <ClInclude Include="baseclasses\wxdebug.h">
      <Filter>Header Files\BaseClasses</Filter>
    </ClInclude>
    <ClInclude Include="baseclasses\wxlist.h">
      <Filter>Header Files\BaseClasses</Filter>
    </ClInclude>
    <ClInclude Include="baseclasses\wxutil.h">
      <Filter>Header Files\BaseClasses</Filter>
    </ClInclude>
    <ClInclude Include="src\gatekeeper.h">
      <Filter>Header Files</Filter>
    </ClInclude>
  </ItemGroup>
  <ItemGroup>
    <ClCompile Include="src\pch.cpp">
      <Filter>Source Files</Filter>
    </ClCompile>
    <ClCompile Include="src\registry.cpp">
      <Filter>Source Files</Filter>
    </ClCompile>
    <ClCompile Include="src\filter.cpp">
      <Filter>Source Files</Filter>
    </ClCompile>
    <ClCompile Include="src\source_clip.cpp">
      <Filter>Source Files</Filter>
    </ClCompile>
    <ClCompile Include="src\main.cpp">
      <Filter>Source Files</Filter>
    </ClCompile>
    <ClCompile Include="src\format.cpp">
      <Filter>Source Files</Filter>
    </ClCompile>
    <ClCompile Include="src\prop_settings.cpp">
      <Filter>Source Files</Filter>
    </ClCompile>
    <ClCompile Include="src\prop_status.cpp">
      <Filter>Source Files</Filter>
    </ClCompile>
    <ClCompile Include="src\remote_control.cpp">
      <Filter>Source Files</Filter>
    </ClCompile>
    <ClCompile Include="src\media_sample.cpp">
      <Filter>Source Files</Filter>
    </ClCompile>
    <ClCompile Include="src\util.cpp">
      <Filter>Source Files</Filter>
    </ClCompile>
    <ClCompile Include="src\input_pin.cpp">
      <Filter>Source Files</Filter>
    </ClCompile>
    <ClCompile Include="src\allocator.cpp">
      <Filter>Source Files</Filter>
    </ClCompile>
    <ClCompile Include="src\side_data.cpp">
      <Filter>Source Files</Filter>
    </ClCompile>
    <ClCompile Include="src\frame_handler.cpp">
      <Filter>Source Files</Filter>
    </ClCompile>
    <ClCompile Include="src\environment.cpp">
      <Filter>Source Files</Filter>
    </ClCompile>
    <ClCompile Include="src\avs_handler.cpp">
      <Filter>Source Files</Filter>
    </ClCompile>
    <ClCompile Include="baseclasses\amextra.cpp">
      <Filter>Source Files\BaseClasses</Filter>
    </ClCompile>
    <ClCompile Include="baseclasses\amfilter.cpp">
      <Filter>Source Files\BaseClasses</Filter>
    </ClCompile>
    <ClCompile Include="baseclasses\amvideo.cpp">
      <Filter>Source Files\BaseClasses</Filter>
    </ClCompile>
    <ClCompile Include="baseclasses\arithutil.cpp">
      <Filter>Source Files\BaseClasses</Filter>
    </ClCompile>
    <ClCompile Include="baseclasses\combase.cpp">
      <Filter>Source Files\BaseClasses</Filter>
    </ClCompile>
    <ClCompile Include="baseclasses\cprop.cpp">
      <Filter>Source Files\BaseClasses</Filter>
    </ClCompile>
    <ClCompile Include="baseclasses\ctlutil.cpp">
      <Filter>Source Files\BaseClasses</Filter>
    </ClCompile>
    <ClCompile Include="baseclasses\ddmm.cpp">
      <Filter>Source Files\BaseClasses</Filter>
    </ClCompile>
    <ClCompile Include="baseclasses\dllentry.cpp">
      <Filter>Source Files\BaseClasses</Filter>
    </ClCompile>
    <ClCompile Include="baseclasses\dllsetup.cpp">
      <Filter>Source Files\BaseClasses</Filter>
    </ClCompile>
    <ClCompile Include="baseclasses\mtype.cpp">
      <Filter>Source Files\BaseClasses</Filter>
    </ClCompile>
    <ClCompile Include="baseclasses\outputq.cpp">
      <Filter>Source Files\BaseClasses</Filter>
    </ClCompile>
    <ClCompile Include="baseclasses\perflog.cpp">
      <Filter>Source Files\BaseClasses</Filter>
    </ClCompile>
    <ClCompile Include="baseclasses\pstream.cpp">
      <Filter>Source Files\BaseClasses</Filter>
    </ClCompile>
    <ClCompile Include="baseclasses\pullpin.cpp">
      <Filter>Source Files\BaseClasses</Filter>
    </ClCompile>
    <ClCompile Include="baseclasses\refclock.cpp">
      <Filter>Source Files\BaseClasses</Filter>
    </ClCompile>
    <ClCompile Include="baseclasses\renbase.cpp">
      <Filter>Source Files\BaseClasses</Filter>
    </ClCompile>
    <ClCompile Include="baseclasses\schedule.cpp">
      <Filter>Source Files\BaseClasses</Filter>
    </ClCompile>
    <ClCompile Include="baseclasses\seekpt.cpp">
      <Filter>Source Files\BaseClasses</Filter>
    </ClCompile>
    <ClCompile Include="baseclasses\source.cpp">
      <Filter>Source Files\BaseClasses</Filter>
    </ClCompile>
    <ClCompile Include="baseclasses\strmctl.cpp">
      <Filter>Source Files\BaseClasses</Filter>
    </ClCompile>
    <ClCompile Include="baseclasses\sysclock.cpp">
      <Filter>Source Files\BaseClasses</Filter>
    </ClCompile>
    <ClCompile Include="baseclasses\transfrm.cpp">
      <Filter>Source Files\BaseClasses</Filter>
    </ClCompile>
    <ClCompile Include="baseclasses\transip.cpp">
      <Filter>Source Files\BaseClasses</Filter>
    </ClCompile>
    <ClCompile Include="baseclasses\videoctl.cpp">
      <Filter>Source Files\BaseClasses</Filter>
    </ClCompile>
    <ClCompile Include="baseclasses\vtrans.cpp">
      <Filter>Source Files\BaseClasses</Filter>
    </ClCompile>
    <ClCompile Include="baseclasses\winctrl.cpp">
      <Filter>Source Files\BaseClasses</Filter>
    </ClCompile>
    <ClCompile Include="baseclasses\winutil.cpp">
      <Filter>Source Files\BaseClasses</Filter>
    </ClCompile>
    <ClCompile Include="baseclasses\wxdebug.cpp">
      <Filter>Source Files\BaseClasses</Filter>
    </ClCompile>
    <ClCompile Include="baseclasses\wxlist.cpp">
      <Filter>Source Files\BaseClasses</Filter>
    </ClCompile>
    <ClCompile Include="baseclasses\wxutil.cpp">
      <Filter>Source Files\BaseClasses</Filter>
    </ClCompile>
    <ClCompile Include="src\gatekeeper.cpp">
      <Filter>Source Files</Filter>
    </ClCompile>
  </ItemGroup>
  <ItemGroup>
    <None Include="src\$(ProjectName).def">
      <Filter>Source Files</Filter>
    </None>
    <None Include=".editorconfig" />
  </ItemGroup>
  <ItemGroup>
    <ResourceCompile Include="src\$(ProjectName).rc">
      <Filter>Resource Files</Filter>
    </ResourceCompile>
  </ItemGroup>
</Project>